<?xml version="1.0" encoding="UTF-8"?>
<!DOCTYPE plist PUBLIC "-//Apple//DTD PLIST 1.0//EN" "http://www.apple.com/DTDs/PropertyList-1.0.dtd">
<plist version="1.0">
<dict>
	<key>archiveVersion</key>
	<string>1</string>
	<key>classes</key>
	<dict/>
	<key>objectVersion</key>
	<string>46</string>
	<key>objects</key>
	<dict>
		<key>07c2ae361553311cde723f9d</key>
		<dict>
			<key>buildActionMask</key>
			<string>2147483647</string>
			<key>files</key>
			<array>
				<string>987e20d3673776e80bbe00f7</string>
				<string>f591ba309a0a9b894170122c</string>
				<string>425a805a3a7989bd43c6dc1d</string>
				<string>433fd8c4b8e528cc9c6a1880</string>
				<string>c1cf3cd42a6a95187eb9ed5d</string>
				<string>1e7e26c006350fab328a1598</string>
			</array>
			<key>isa</key>
			<string>PBXFrameworksBuildPhase</string>
			<key>runOnlyForDeploymentPostprocessing</key>
			<string>0</string>
		</dict>
		<key>0c8ed7d87559d47d3fe3c148</key>
		<dict>
			<key>buildActionMask</key>
			<string>2147483647</string>
			<key>files</key>
			<array>
				<string>2f896949d3d2f65337b2e94e</string>
				<string>fb0491870ab06e1e042502b7</string>
			</array>
			<key>isa</key>
			<string>PBXSourcesBuildPhase</string>
			<key>runOnlyForDeploymentPostprocessing</key>
			<string>0</string>
		</dict>
		<key>1e7e26c006350fab328a1598</key>
		<dict>
			<key>fileRef</key>
			<string>47bb6fa8c5e84f8bdaf974fe</string>
			<key>isa</key>
			<string>PBXBuildFile</string>
		</dict>
		<key>23c054adf385020ce3ce21dd</key>
		<dict>
			<key>fileEncoding</key>
			<string>4</string>
			<key>isa</key>
			<string>PBXFileReference</string>
			<key>lastKnownFileType</key>
			<string>wrapper.framework</string>
			<key>name</key>
			<string>CFNetwork.framework</string>
			<key>path</key>
			<string>System/Library/Frameworks/CFNetwork.framework</string>
			<key>sourceTree</key>
			<string>SDKROOT</string>
		</dict>
		<key>27692177c01dbf4f721c1d7a</key>
		<dict>
			<key>fileRef</key>
			<string>7BA3B926190D792B000FD2E8</string>
			<key>isa</key>
			<string>PBXBuildFile</string>
		</dict>
		<key>2f896949d3d2f65337b2e94e</key>
		<dict>
			<key>fileRef</key>
			<string>7BA3B92D190D792B000FD2E8</string>
			<key>isa</key>
			<string>PBXBuildFile</string>
		</dict>
		<key>425a805a3a7989bd43c6dc1d</key>
		<dict>
			<key>fileRef</key>
			<string>7BA3B94C190D7BF2000FD2E8</string>
			<key>isa</key>
			<string>PBXBuildFile</string>
		</dict>
		<key>433fd8c4b8e528cc9c6a1880</key>
		<dict>
			<key>fileRef</key>
			<string>7BA3B91D190D792B000FD2E8</string>
			<key>isa</key>
			<string>PBXBuildFile</string>
		</dict>
		<key>47bb6fa8c5e84f8bdaf974fe</key>
		<dict>
			<key>fileEncoding</key>
			<string>4</string>
			<key>isa</key>
			<string>PBXFileReference</string>
			<key>lastKnownFileType</key>
			<string>wrapper.framework</string>
			<key>name</key>
			<string>calabash.framework</string>
			<key>path</key>
			<string>calabash.framework</string>
			<key>sourceTree</key>
			<string>&lt;group&gt;</string>
		</dict>
		<key>550c2d7563b821223e941cf0</key>
		<dict>
			<key>buildSettings</key>
			<dict>
				<key>ASSETCATALOG_COMPILER_APPICON_NAME</key>
				<string>AppIcon</string>
				<key>ASSETCATALOG_COMPILER_LAUNCHIMAGE_NAME</key>
				<string>LaunchImage</string>
				<key>FRAMEWORK_SEARCH_PATHS</key>
				<array>
					<string>$(inherited)</string>
					<string>"$(SRCROOT)"</string>
				</array>
				<key>GCC_PRECOMPILE_PREFIX_HEADER</key>
				<string>YES</string>
				<key>GCC_PREFIX_HEADER</key>
				<string>Pow Pow Me/Pow Pow Me-Prefix.pch</string>
				<key>INFOPLIST_FILE</key>
				<string>Pow Pow Me/Pow Pow Me-Info.plist</string>
				<key>OTHER_LDFLAGS</key>
				<array>
					<string>$(inherited)</string>
					<string>-force_load</string>
					<string>"$(SRCROOT)/calabash.framework/calabash"</string>
					<string>-lstdc++</string>
				</array>
				<key>PRODUCT_NAME</key>
				<string>$(TARGET_NAME)</string>
				<key>WRAPPER_EXTENSION</key>
				<string>app</string>
			</dict>
			<key>isa</key>
			<string>XCBuildConfiguration</string>
			<key>name</key>
			<string>Debug</string>
		</dict>
		<key>7BA3B911190D792B000FD2E8</key>
		<dict>
			<key>children</key>
			<array>
				<string>7BA3B923190D792B000FD2E8</string>
				<string>7BA3B93C190D792B000FD2E8</string>
				<string>7BA3B91C190D792B000FD2E8</string>
				<string>7BA3B91B190D792B000FD2E8</string>
			</array>
			<key>isa</key>
			<string>PBXGroup</string>
			<key>sourceTree</key>
			<string>&lt;group&gt;</string>
		</dict>
		<key>7BA3B912190D792B000FD2E8</key>
		<dict>
			<key>attributes</key>
			<dict>
				<key>CLASSPREFIX</key>
				<string>MDF</string>
				<key>LastUpgradeCheck</key>
				<string>0510</string>
				<key>ORGANIZATIONNAME</key>
				<string>Maison de Freyssinet</string>
				<key>TargetAttributes</key>
				<dict>
					<key>7BA3B919190D792B000FD2E8</key>
					<dict>
						<key>SystemCapabilities</key>
						<dict>
							<key>com.apple.iOS</key>
							<dict>
								<key>enabled</key>
								<string>1</string>
							</dict>
						</dict>
					</dict>
					<key>7BA3B934190D792B000FD2E8</key>
					<dict>
						<key>TestTargetID</key>
						<string>7BA3B919190D792B000FD2E8</string>
					</dict>
				</dict>
			</dict>
			<key>buildConfigurationList</key>
			<string>7BA3B915190D792B000FD2E8</string>
			<key>compatibilityVersion</key>
			<string>Xcode 3.2</string>
			<key>developmentRegion</key>
			<string>English</string>
			<key>hasScannedForEncodings</key>
			<string>0</string>
			<key>isa</key>
			<string>PBXProject</string>
			<key>knownRegions</key>
			<array>
				<string>en</string>
			</array>
			<key>mainGroup</key>
			<string>7BA3B911190D792B000FD2E8</string>
			<key>productRefGroup</key>
			<string>7BA3B91B190D792B000FD2E8</string>
			<key>projectDirPath</key>
			<string></string>
			<key>projectRoot</key>
			<string></string>
			<key>targets</key>
			<array>
				<string>7BA3B919190D792B000FD2E8</string>
				<string>7BA3B934190D792B000FD2E8</string>
				<string>ee766fb39d53c3b4dff7d444</string>
			</array>
		</dict>
		<key>7BA3B915190D792B000FD2E8</key>
		<dict>
			<key>buildConfigurations</key>
			<array>
				<string>7BA3B944190D792B000FD2E8</string>
				<string>7BA3B945190D792B000FD2E8</string>
			</array>
			<key>defaultConfigurationIsVisible</key>
			<string>0</string>
			<key>defaultConfigurationName</key>
			<string>Release</string>
			<key>isa</key>
			<string>XCConfigurationList</string>
		</dict>
		<key>7BA3B916190D792B000FD2E8</key>
		<dict>
			<key>buildActionMask</key>
			<string>2147483647</string>
			<key>files</key>
			<array>
				<string>7BA3B92E190D792B000FD2E8</string>
				<string>7BA3B92A190D792B000FD2E8</string>
			</array>
			<key>isa</key>
			<string>PBXSourcesBuildPhase</string>
			<key>runOnlyForDeploymentPostprocessing</key>
			<string>0</string>
		</dict>
		<key>7BA3B917190D792B000FD2E8</key>
		<dict>
			<key>buildActionMask</key>
			<string>2147483647</string>
			<key>files</key>
			<array>
				<string>7BA3B920190D792B000FD2E8</string>
				<string>7BA3B922190D792B000FD2E8</string>
				<string>7BA3B94D190D7BF2000FD2E8</string>
				<string>7BA3B91E190D792B000FD2E8</string>
			</array>
			<key>isa</key>
			<string>PBXFrameworksBuildPhase</string>
			<key>runOnlyForDeploymentPostprocessing</key>
			<string>0</string>
		</dict>
		<key>7BA3B918190D792B000FD2E8</key>
		<dict>
			<key>buildActionMask</key>
			<string>2147483647</string>
			<key>files</key>
			<array>
				<string>7BA3B928190D792B000FD2E8</string>
				<string>7BA3B930190D792B000FD2E8</string>
			</array>
			<key>isa</key>
			<string>PBXResourcesBuildPhase</string>
			<key>runOnlyForDeploymentPostprocessing</key>
			<string>0</string>
		</dict>
		<key>7BA3B919190D792B000FD2E8</key>
		<dict>
			<key>buildConfigurationList</key>
			<string>7BA3B946190D792B000FD2E8</string>
			<key>buildPhases</key>
			<array>
				<string>7BA3B916190D792B000FD2E8</string>
				<string>7BA3B917190D792B000FD2E8</string>
				<string>7BA3B918190D792B000FD2E8</string>
			</array>
			<key>buildRules</key>
			<array/>
			<key>dependencies</key>
			<array/>
			<key>isa</key>
			<string>PBXNativeTarget</string>
			<key>name</key>
			<string>Pow Pow Me</string>
			<key>productName</key>
			<string>Pow Pow Me</string>
			<key>productReference</key>
			<string>7BA3B91A190D792B000FD2E8</string>
			<key>productType</key>
			<string>com.apple.product-type.application</string>
		</dict>
		<key>7BA3B91A190D792B000FD2E8</key>
		<dict>
			<key>explicitFileType</key>
			<string>wrapper.application</string>
			<key>includeInIndex</key>
			<string>0</string>
			<key>isa</key>
			<string>PBXFileReference</string>
			<key>path</key>
			<string>Pow Pow Me.app</string>
			<key>sourceTree</key>
			<string>BUILT_PRODUCTS_DIR</string>
		</dict>
		<key>7BA3B91B190D792B000FD2E8</key>
		<dict>
			<key>children</key>
			<array>
				<string>7BA3B91A190D792B000FD2E8</string>
				<string>7BA3B935190D792B000FD2E8</string>
			</array>
			<key>isa</key>
			<string>PBXGroup</string>
			<key>name</key>
			<string>Products</string>
			<key>sourceTree</key>
			<string>&lt;group&gt;</string>
		</dict>
		<key>7BA3B91C190D792B000FD2E8</key>
		<dict>
			<key>children</key>
			<array>
				<string>7BA3B94C190D7BF2000FD2E8</string>
				<string>7BA3B91D190D792B000FD2E8</string>
				<string>7BA3B91F190D792B000FD2E8</string>
				<string>7BA3B921190D792B000FD2E8</string>
				<string>7BA3B936190D792B000FD2E8</string>
				<string>23c054adf385020ce3ce21dd</string>
				<string>47bb6fa8c5e84f8bdaf974fe</string>
			</array>
			<key>isa</key>
			<string>PBXGroup</string>
			<key>name</key>
			<string>Frameworks</string>
			<key>path</key>
			<string></string>
			<key>sourceTree</key>
			<string>&lt;group&gt;</string>
		</dict>
		<key>7BA3B91D190D792B000FD2E8</key>
		<dict>
			<key>isa</key>
			<string>PBXFileReference</string>
			<key>lastKnownFileType</key>
			<string>wrapper.framework</string>
			<key>name</key>
			<string>Foundation.framework</string>
			<key>path</key>
			<string>System/Library/Frameworks/Foundation.framework</string>
			<key>sourceTree</key>
			<string>SDKROOT</string>
		</dict>
		<key>7BA3B91E190D792B000FD2E8</key>
		<dict>
			<key>fileRef</key>
			<string>7BA3B91D190D792B000FD2E8</string>
			<key>isa</key>
			<string>PBXBuildFile</string>
		</dict>
		<key>7BA3B91F190D792B000FD2E8</key>
		<dict>
			<key>isa</key>
			<string>PBXFileReference</string>
			<key>lastKnownFileType</key>
			<string>wrapper.framework</string>
			<key>name</key>
			<string>CoreGraphics.framework</string>
			<key>path</key>
			<string>System/Library/Frameworks/CoreGraphics.framework</string>
			<key>sourceTree</key>
			<string>SDKROOT</string>
		</dict>
		<key>7BA3B920190D792B000FD2E8</key>
		<dict>
			<key>fileRef</key>
			<string>7BA3B91F190D792B000FD2E8</string>
			<key>isa</key>
			<string>PBXBuildFile</string>
		</dict>
		<key>7BA3B921190D792B000FD2E8</key>
		<dict>
			<key>isa</key>
			<string>PBXFileReference</string>
			<key>lastKnownFileType</key>
			<string>wrapper.framework</string>
			<key>name</key>
			<string>UIKit.framework</string>
			<key>path</key>
			<string>System/Library/Frameworks/UIKit.framework</string>
			<key>sourceTree</key>
			<string>SDKROOT</string>
		</dict>
		<key>7BA3B922190D792B000FD2E8</key>
		<dict>
			<key>fileRef</key>
			<string>7BA3B921190D792B000FD2E8</string>
			<key>isa</key>
			<string>PBXBuildFile</string>
		</dict>
		<key>7BA3B923190D792B000FD2E8</key>
		<dict>
			<key>children</key>
			<array>
				<string>7BA3B92C190D792B000FD2E8</string>
				<string>7BA3B92D190D792B000FD2E8</string>
				<string>7BA3B92F190D792B000FD2E8</string>
				<string>7BA3B924190D792B000FD2E8</string>
			</array>
			<key>isa</key>
			<string>PBXGroup</string>
			<key>path</key>
			<string>Pow Pow Me</string>
			<key>sourceTree</key>
			<string>&lt;group&gt;</string>
		</dict>
		<key>7BA3B924190D792B000FD2E8</key>
		<dict>
			<key>children</key>
			<array>
				<string>7BA3B925190D792B000FD2E8</string>
				<string>7BA3B926190D792B000FD2E8</string>
				<string>7BA3B929190D792B000FD2E8</string>
				<string>7BA3B92B190D792B000FD2E8</string>
			</array>
			<key>isa</key>
			<string>PBXGroup</string>
			<key>name</key>
			<string>Supporting Files</string>
			<key>sourceTree</key>
			<string>&lt;group&gt;</string>
		</dict>
		<key>7BA3B925190D792B000FD2E8</key>
		<dict>
			<key>isa</key>
			<string>PBXFileReference</string>
			<key>lastKnownFileType</key>
			<string>text.plist.xml</string>
			<key>path</key>
			<string>Pow Pow Me-Info.plist</string>
			<key>sourceTree</key>
			<string>&lt;group&gt;</string>
		</dict>
		<key>7BA3B926190D792B000FD2E8</key>
		<dict>
			<key>children</key>
			<array>
				<string>7BA3B927190D792B000FD2E8</string>
			</array>
			<key>isa</key>
			<string>PBXVariantGroup</string>
			<key>name</key>
			<string>InfoPlist.strings</string>
			<key>sourceTree</key>
			<string>&lt;group&gt;</string>
		</dict>
		<key>7BA3B927190D792B000FD2E8</key>
		<dict>
			<key>isa</key>
			<string>PBXFileReference</string>
			<key>lastKnownFileType</key>
			<string>text.plist.strings</string>
			<key>name</key>
			<string>en</string>
			<key>path</key>
			<string>en.lproj/InfoPlist.strings</string>
			<key>sourceTree</key>
			<string>&lt;group&gt;</string>
		</dict>
		<key>7BA3B928190D792B000FD2E8</key>
		<dict>
			<key>fileRef</key>
			<string>7BA3B926190D792B000FD2E8</string>
			<key>isa</key>
			<string>PBXBuildFile</string>
		</dict>
		<key>7BA3B929190D792B000FD2E8</key>
		<dict>
			<key>isa</key>
			<string>PBXFileReference</string>
			<key>lastKnownFileType</key>
			<string>sourcecode.c.objc</string>
			<key>path</key>
			<string>main.m</string>
			<key>sourceTree</key>
			<string>&lt;group&gt;</string>
		</dict>
		<key>7BA3B92A190D792B000FD2E8</key>
		<dict>
			<key>fileRef</key>
			<string>7BA3B929190D792B000FD2E8</string>
			<key>isa</key>
			<string>PBXBuildFile</string>
		</dict>
		<key>7BA3B92B190D792B000FD2E8</key>
		<dict>
			<key>isa</key>
			<string>PBXFileReference</string>
			<key>lastKnownFileType</key>
			<string>sourcecode.c.h</string>
			<key>path</key>
			<string>Pow Pow Me-Prefix.pch</string>
			<key>sourceTree</key>
			<string>&lt;group&gt;</string>
		</dict>
		<key>7BA3B92C190D792B000FD2E8</key>
		<dict>
			<key>isa</key>
			<string>PBXFileReference</string>
			<key>lastKnownFileType</key>
			<string>sourcecode.c.h</string>
			<key>path</key>
			<string>MDFAppDelegate.h</string>
			<key>sourceTree</key>
			<string>&lt;group&gt;</string>
		</dict>
		<key>7BA3B92D190D792B000FD2E8</key>
		<dict>
			<key>isa</key>
			<string>PBXFileReference</string>
			<key>lastKnownFileType</key>
			<string>sourcecode.c.objc</string>
			<key>path</key>
			<string>MDFAppDelegate.m</string>
			<key>sourceTree</key>
			<string>&lt;group&gt;</string>
		</dict>
		<key>7BA3B92E190D792B000FD2E8</key>
		<dict>
			<key>fileRef</key>
			<string>7BA3B92D190D792B000FD2E8</string>
			<key>isa</key>
			<string>PBXBuildFile</string>
		</dict>
		<key>7BA3B92F190D792B000FD2E8</key>
		<dict>
			<key>isa</key>
			<string>PBXFileReference</string>
			<key>lastKnownFileType</key>
			<string>folder.assetcatalog</string>
			<key>path</key>
			<string>Images.xcassets</string>
			<key>sourceTree</key>
			<string>&lt;group&gt;</string>
		</dict>
		<key>7BA3B930190D792B000FD2E8</key>
		<dict>
			<key>fileRef</key>
			<string>7BA3B92F190D792B000FD2E8</string>
			<key>isa</key>
			<string>PBXBuildFile</string>
		</dict>
		<key>7BA3B931190D792B000FD2E8</key>
		<dict>
			<key>buildActionMask</key>
			<string>2147483647</string>
			<key>files</key>
			<array>
				<string>7BA3B943190D792B000FD2E8</string>
			</array>
			<key>isa</key>
			<string>PBXSourcesBuildPhase</string>
			<key>runOnlyForDeploymentPostprocessing</key>
			<string>0</string>
		</dict>
		<key>7BA3B932190D792B000FD2E8</key>
		<dict>
			<key>buildActionMask</key>
			<string>2147483647</string>
			<key>files</key>
			<array>
				<string>7BA3B937190D792B000FD2E8</string>
				<string>7BA3B939190D792B000FD2E8</string>
				<string>7BA3B938190D792B000FD2E8</string>
			</array>
			<key>isa</key>
			<string>PBXFrameworksBuildPhase</string>
			<key>runOnlyForDeploymentPostprocessing</key>
			<string>0</string>
		</dict>
		<key>7BA3B933190D792B000FD2E8</key>
		<dict>
			<key>buildActionMask</key>
			<string>2147483647</string>
			<key>files</key>
			<array>
				<string>7BA3B941190D792B000FD2E8</string>
			</array>
			<key>isa</key>
			<string>PBXResourcesBuildPhase</string>
			<key>runOnlyForDeploymentPostprocessing</key>
			<string>0</string>
		</dict>
		<key>7BA3B934190D792B000FD2E8</key>
		<dict>
			<key>buildConfigurationList</key>
			<string>7BA3B949190D792B000FD2E8</string>
			<key>buildPhases</key>
			<array>
				<string>7BA3B931190D792B000FD2E8</string>
				<string>7BA3B932190D792B000FD2E8</string>
				<string>7BA3B933190D792B000FD2E8</string>
			</array>
			<key>buildRules</key>
			<array/>
			<key>dependencies</key>
			<array>
				<string>7BA3B93B190D792B000FD2E8</string>
			</array>
			<key>isa</key>
			<string>PBXNativeTarget</string>
			<key>name</key>
			<string>Pow Pow MeTests</string>
			<key>productName</key>
			<string>Pow Pow MeTests</string>
			<key>productReference</key>
			<string>7BA3B935190D792B000FD2E8</string>
			<key>productType</key>
			<string>com.apple.product-type.bundle.unit-test</string>
		</dict>
		<key>7BA3B935190D792B000FD2E8</key>
		<dict>
			<key>explicitFileType</key>
			<string>wrapper.cfbundle</string>
			<key>includeInIndex</key>
			<string>0</string>
			<key>isa</key>
			<string>PBXFileReference</string>
			<key>path</key>
			<string>Pow Pow MeTests.xctest</string>
			<key>sourceTree</key>
			<string>BUILT_PRODUCTS_DIR</string>
		</dict>
		<key>7BA3B936190D792B000FD2E8</key>
		<dict>
			<key>isa</key>
			<string>PBXFileReference</string>
			<key>lastKnownFileType</key>
			<string>wrapper.framework</string>
			<key>name</key>
			<string>XCTest.framework</string>
			<key>path</key>
			<string>Library/Frameworks/XCTest.framework</string>
			<key>sourceTree</key>
			<string>DEVELOPER_DIR</string>
		</dict>
		<key>7BA3B937190D792B000FD2E8</key>
		<dict>
			<key>fileRef</key>
			<string>7BA3B936190D792B000FD2E8</string>
			<key>isa</key>
			<string>PBXBuildFile</string>
		</dict>
		<key>7BA3B938190D792B000FD2E8</key>
		<dict>
			<key>fileRef</key>
			<string>7BA3B91D190D792B000FD2E8</string>
			<key>isa</key>
			<string>PBXBuildFile</string>
		</dict>
		<key>7BA3B939190D792B000FD2E8</key>
		<dict>
			<key>fileRef</key>
			<string>7BA3B921190D792B000FD2E8</string>
			<key>isa</key>
			<string>PBXBuildFile</string>
		</dict>
		<key>7BA3B93A190D792B000FD2E8</key>
		<dict>
			<key>containerPortal</key>
			<string>7BA3B912190D792B000FD2E8</string>
			<key>isa</key>
			<string>PBXContainerItemProxy</string>
			<key>proxyType</key>
			<string>1</string>
			<key>remoteGlobalIDString</key>
			<string>7BA3B919190D792B000FD2E8</string>
			<key>remoteInfo</key>
			<string>Pow Pow Me</string>
		</dict>
		<key>7BA3B93B190D792B000FD2E8</key>
		<dict>
			<key>isa</key>
			<string>PBXTargetDependency</string>
			<key>target</key>
			<string>7BA3B919190D792B000FD2E8</string>
			<key>targetProxy</key>
			<string>7BA3B93A190D792B000FD2E8</string>
		</dict>
		<key>7BA3B93C190D792B000FD2E8</key>
		<dict>
			<key>children</key>
			<array>
				<string>7BA3B942190D792B000FD2E8</string>
				<string>7BA3B93D190D792B000FD2E8</string>
			</array>
			<key>isa</key>
			<string>PBXGroup</string>
			<key>path</key>
			<string>Pow Pow MeTests</string>
			<key>sourceTree</key>
			<string>&lt;group&gt;</string>
		</dict>
		<key>7BA3B93D190D792B000FD2E8</key>
		<dict>
			<key>children</key>
			<array>
				<string>7BA3B93E190D792B000FD2E8</string>
				<string>7BA3B93F190D792B000FD2E8</string>
			</array>
			<key>isa</key>
			<string>PBXGroup</string>
			<key>name</key>
			<string>Supporting Files</string>
			<key>sourceTree</key>
			<string>&lt;group&gt;</string>
		</dict>
		<key>7BA3B93E190D792B000FD2E8</key>
		<dict>
			<key>isa</key>
			<string>PBXFileReference</string>
			<key>lastKnownFileType</key>
			<string>text.plist.xml</string>
			<key>path</key>
			<string>Pow Pow MeTests-Info.plist</string>
			<key>sourceTree</key>
			<string>&lt;group&gt;</string>
		</dict>
		<key>7BA3B93F190D792B000FD2E8</key>
		<dict>
			<key>children</key>
			<array>
				<string>7BA3B940190D792B000FD2E8</string>
			</array>
			<key>isa</key>
			<string>PBXVariantGroup</string>
			<key>name</key>
			<string>InfoPlist.strings</string>
			<key>sourceTree</key>
			<string>&lt;group&gt;</string>
		</dict>
		<key>7BA3B940190D792B000FD2E8</key>
		<dict>
			<key>isa</key>
			<string>PBXFileReference</string>
			<key>lastKnownFileType</key>
			<string>text.plist.strings</string>
			<key>name</key>
			<string>en</string>
			<key>path</key>
			<string>en.lproj/InfoPlist.strings</string>
			<key>sourceTree</key>
			<string>&lt;group&gt;</string>
		</dict>
		<key>7BA3B941190D792B000FD2E8</key>
		<dict>
			<key>fileRef</key>
			<string>7BA3B93F190D792B000FD2E8</string>
			<key>isa</key>
			<string>PBXBuildFile</string>
		</dict>
		<key>7BA3B942190D792B000FD2E8</key>
		<dict>
			<key>isa</key>
			<string>PBXFileReference</string>
			<key>lastKnownFileType</key>
			<string>sourcecode.c.objc</string>
			<key>path</key>
			<string>Pow_Pow_MeTests.m</string>
			<key>sourceTree</key>
			<string>&lt;group&gt;</string>
		</dict>
		<key>7BA3B943190D792B000FD2E8</key>
		<dict>
			<key>fileRef</key>
			<string>7BA3B942190D792B000FD2E8</string>
			<key>isa</key>
			<string>PBXBuildFile</string>
		</dict>
		<key>7BA3B944190D792B000FD2E8</key>
		<dict>
			<key>buildSettings</key>
			<dict>
				<key>ALWAYS_SEARCH_USER_PATHS</key>
				<string>NO</string>
				<key>CLANG_CXX_LANGUAGE_STANDARD</key>
				<string>gnu++0x</string>
				<key>CLANG_CXX_LIBRARY</key>
				<string>libc++</string>
				<key>CLANG_ENABLE_MODULES</key>
				<string>YES</string>
				<key>CLANG_ENABLE_OBJC_ARC</key>
				<string>YES</string>
				<key>CLANG_WARN_BOOL_CONVERSION</key>
				<string>YES</string>
				<key>CLANG_WARN_CONSTANT_CONVERSION</key>
				<string>YES</string>
				<key>CLANG_WARN_DIRECT_OBJC_ISA_USAGE</key>
				<string>YES_ERROR</string>
				<key>CLANG_WARN_EMPTY_BODY</key>
				<string>YES</string>
				<key>CLANG_WARN_ENUM_CONVERSION</key>
				<string>YES</string>
				<key>CLANG_WARN_INT_CONVERSION</key>
				<string>YES</string>
				<key>CLANG_WARN_OBJC_ROOT_CLASS</key>
				<string>YES_ERROR</string>
				<key>CLANG_WARN__DUPLICATE_METHOD_MATCH</key>
				<string>YES</string>
				<key>CODE_SIGN_IDENTITY[sdk=iphoneos*]</key>
				<string>iPhone Developer</string>
				<key>COPY_PHASE_STRIP</key>
				<string>NO</string>
				<key>GCC_C_LANGUAGE_STANDARD</key>
				<string>gnu99</string>
				<key>GCC_DYNAMIC_NO_PIC</key>
				<string>NO</string>
				<key>GCC_OPTIMIZATION_LEVEL</key>
				<string>0</string>
				<key>GCC_PREPROCESSOR_DEFINITIONS</key>
				<array>
					<string>DEBUG=1</string>
					<string>$(inherited)</string>
				</array>
				<key>GCC_SYMBOLS_PRIVATE_EXTERN</key>
				<string>NO</string>
				<key>GCC_WARN_64_TO_32_BIT_CONVERSION</key>
				<string>YES</string>
				<key>GCC_WARN_ABOUT_RETURN_TYPE</key>
				<string>YES_ERROR</string>
				<key>GCC_WARN_UNDECLARED_SELECTOR</key>
				<string>YES</string>
				<key>GCC_WARN_UNINITIALIZED_AUTOS</key>
				<string>YES_AGGRESSIVE</string>
				<key>GCC_WARN_UNUSED_FUNCTION</key>
				<string>YES</string>
				<key>GCC_WARN_UNUSED_VARIABLE</key>
				<string>YES</string>
				<key>IPHONEOS_DEPLOYMENT_TARGET</key>
				<string>7.1</string>
				<key>ONLY_ACTIVE_ARCH</key>
				<string>YES</string>
				<key>SDKROOT</key>
				<string>iphoneos</string>
			</dict>
			<key>isa</key>
			<string>XCBuildConfiguration</string>
			<key>name</key>
			<string>Debug</string>
		</dict>
		<key>7BA3B945190D792B000FD2E8</key>
		<dict>
			<key>buildSettings</key>
			<dict>
				<key>ALWAYS_SEARCH_USER_PATHS</key>
				<string>NO</string>
				<key>CLANG_CXX_LANGUAGE_STANDARD</key>
				<string>gnu++0x</string>
				<key>CLANG_CXX_LIBRARY</key>
				<string>libc++</string>
				<key>CLANG_ENABLE_MODULES</key>
				<string>YES</string>
				<key>CLANG_ENABLE_OBJC_ARC</key>
				<string>YES</string>
				<key>CLANG_WARN_BOOL_CONVERSION</key>
				<string>YES</string>
				<key>CLANG_WARN_CONSTANT_CONVERSION</key>
				<string>YES</string>
				<key>CLANG_WARN_DIRECT_OBJC_ISA_USAGE</key>
				<string>YES_ERROR</string>
				<key>CLANG_WARN_EMPTY_BODY</key>
				<string>YES</string>
				<key>CLANG_WARN_ENUM_CONVERSION</key>
				<string>YES</string>
				<key>CLANG_WARN_INT_CONVERSION</key>
				<string>YES</string>
				<key>CLANG_WARN_OBJC_ROOT_CLASS</key>
				<string>YES_ERROR</string>
				<key>CLANG_WARN__DUPLICATE_METHOD_MATCH</key>
				<string>YES</string>
				<key>CODE_SIGN_IDENTITY[sdk=iphoneos*]</key>
				<string>iPhone Developer</string>
				<key>COPY_PHASE_STRIP</key>
				<string>YES</string>
				<key>ENABLE_NS_ASSERTIONS</key>
				<string>NO</string>
				<key>GCC_C_LANGUAGE_STANDARD</key>
				<string>gnu99</string>
				<key>GCC_WARN_64_TO_32_BIT_CONVERSION</key>
				<string>YES</string>
				<key>GCC_WARN_ABOUT_RETURN_TYPE</key>
				<string>YES_ERROR</string>
				<key>GCC_WARN_UNDECLARED_SELECTOR</key>
				<string>YES</string>
				<key>GCC_WARN_UNINITIALIZED_AUTOS</key>
				<string>YES_AGGRESSIVE</string>
				<key>GCC_WARN_UNUSED_FUNCTION</key>
				<string>YES</string>
				<key>GCC_WARN_UNUSED_VARIABLE</key>
				<string>YES</string>
				<key>IPHONEOS_DEPLOYMENT_TARGET</key>
				<string>7.1</string>
				<key>SDKROOT</key>
				<string>iphoneos</string>
				<key>VALIDATE_PRODUCT</key>
				<string>YES</string>
			</dict>
			<key>isa</key>
			<string>XCBuildConfiguration</string>
			<key>name</key>
			<string>Release</string>
		</dict>
		<key>7BA3B946190D792B000FD2E8</key>
		<dict>
			<key>buildConfigurations</key>
			<array>
				<string>7BA3B947190D792B000FD2E8</string>
				<string>7BA3B948190D792B000FD2E8</string>
			</array>
			<key>defaultConfigurationIsVisible</key>
			<string>0</string>
			<key>isa</key>
			<string>XCConfigurationList</string>
		</dict>
		<key>7BA3B947190D792B000FD2E8</key>
		<dict>
			<key>buildSettings</key>
			<dict>
				<key>ASSETCATALOG_COMPILER_APPICON_NAME</key>
				<string>AppIcon</string>
				<key>ASSETCATALOG_COMPILER_LAUNCHIMAGE_NAME</key>
				<string>LaunchImage</string>
				<key>GCC_PRECOMPILE_PREFIX_HEADER</key>
				<string>YES</string>
				<key>GCC_PREFIX_HEADER</key>
				<string>Pow Pow Me/Pow Pow Me-Prefix.pch</string>
				<key>INFOPLIST_FILE</key>
				<string>Pow Pow Me/Pow Pow Me-Info.plist</string>
				<key>PRODUCT_NAME</key>
				<string>$(TARGET_NAME)</string>
				<key>WRAPPER_EXTENSION</key>
				<string>app</string>
			</dict>
			<key>isa</key>
			<string>XCBuildConfiguration</string>
			<key>name</key>
			<string>Debug</string>
		</dict>
		<key>7BA3B948190D792B000FD2E8</key>
		<dict>
			<key>buildSettings</key>
			<dict>
				<key>ASSETCATALOG_COMPILER_APPICON_NAME</key>
				<string>AppIcon</string>
				<key>ASSETCATALOG_COMPILER_LAUNCHIMAGE_NAME</key>
				<string>LaunchImage</string>
				<key>GCC_PRECOMPILE_PREFIX_HEADER</key>
				<string>YES</string>
				<key>GCC_PREFIX_HEADER</key>
				<string>Pow Pow Me/Pow Pow Me-Prefix.pch</string>
				<key>INFOPLIST_FILE</key>
				<string>Pow Pow Me/Pow Pow Me-Info.plist</string>
				<key>PRODUCT_NAME</key>
				<string>$(TARGET_NAME)</string>
				<key>WRAPPER_EXTENSION</key>
				<string>app</string>
			</dict>
			<key>isa</key>
			<string>XCBuildConfiguration</string>
			<key>name</key>
			<string>Release</string>
		</dict>
		<key>7BA3B949190D792B000FD2E8</key>
		<dict>
			<key>buildConfigurations</key>
			<array>
				<string>7BA3B94A190D792B000FD2E8</string>
				<string>7BA3B94B190D792B000FD2E8</string>
			</array>
			<key>defaultConfigurationIsVisible</key>
			<string>0</string>
			<key>isa</key>
			<string>XCConfigurationList</string>
		</dict>
		<key>7BA3B94A190D792B000FD2E8</key>
		<dict>
			<key>buildSettings</key>
			<dict>
				<key>BUNDLE_LOADER</key>
				<string>$(BUILT_PRODUCTS_DIR)/Pow Pow Me.app/Pow Pow Me</string>
				<key>FRAMEWORK_SEARCH_PATHS</key>
				<array>
					<string>$(SDKROOT)/Developer/Library/Frameworks</string>
					<string>$(inherited)</string>
					<string>$(DEVELOPER_FRAMEWORKS_DIR)</string>
				</array>
				<key>GCC_PRECOMPILE_PREFIX_HEADER</key>
				<string>YES</string>
				<key>GCC_PREFIX_HEADER</key>
				<string>Pow Pow Me/Pow Pow Me-Prefix.pch</string>
				<key>GCC_PREPROCESSOR_DEFINITIONS</key>
				<array>
					<string>DEBUG=1</string>
					<string>$(inherited)</string>
				</array>
				<key>INFOPLIST_FILE</key>
				<string>Pow Pow MeTests/Pow Pow MeTests-Info.plist</string>
				<key>PRODUCT_NAME</key>
				<string>$(TARGET_NAME)</string>
				<key>TEST_HOST</key>
				<string>$(BUNDLE_LOADER)</string>
				<key>WRAPPER_EXTENSION</key>
				<string>xctest</string>
			</dict>
			<key>isa</key>
			<string>XCBuildConfiguration</string>
			<key>name</key>
			<string>Debug</string>
		</dict>
		<key>7BA3B94B190D792B000FD2E8</key>
		<dict>
			<key>buildSettings</key>
			<dict>
				<key>BUNDLE_LOADER</key>
				<string>$(BUILT_PRODUCTS_DIR)/Pow Pow Me.app/Pow Pow Me</string>
				<key>FRAMEWORK_SEARCH_PATHS</key>
				<array>
					<string>$(SDKROOT)/Developer/Library/Frameworks</string>
					<string>$(inherited)</string>
					<string>$(DEVELOPER_FRAMEWORKS_DIR)</string>
				</array>
				<key>GCC_PRECOMPILE_PREFIX_HEADER</key>
				<string>YES</string>
				<key>GCC_PREFIX_HEADER</key>
				<string>Pow Pow Me/Pow Pow Me-Prefix.pch</string>
				<key>INFOPLIST_FILE</key>
				<string>Pow Pow MeTests/Pow Pow MeTests-Info.plist</string>
				<key>PRODUCT_NAME</key>
				<string>$(TARGET_NAME)</string>
				<key>TEST_HOST</key>
				<string>$(BUNDLE_LOADER)</string>
				<key>WRAPPER_EXTENSION</key>
				<string>xctest</string>
			</dict>
			<key>isa</key>
			<string>XCBuildConfiguration</string>
			<key>name</key>
			<string>Release</string>
		</dict>
		<key>7BA3B94C190D7BF2000FD2E8</key>
		<dict>
			<key>isa</key>
			<string>PBXFileReference</string>
			<key>lastKnownFileType</key>
			<string>wrapper.framework</string>
			<key>name</key>
			<string>MapKit.framework</string>
			<key>path</key>
			<string>System/Library/Frameworks/MapKit.framework</string>
			<key>sourceTree</key>
			<string>SDKROOT</string>
		</dict>
		<key>7BA3B94D190D7BF2000FD2E8</key>
		<dict>
			<key>fileRef</key>
			<string>7BA3B94C190D7BF2000FD2E8</string>
			<key>isa</key>
			<string>PBXBuildFile</string>
		</dict>
		<key>7c460084a3921e89fcb25e34</key>
		<dict>
			<key>buildConfigurations</key>
			<array>
				<string>550c2d7563b821223e941cf0</string>
				<string>94aa034a6d152afddc536ae6</string>
			</array>
			<key>defaultConfigurationIsVisible</key>
			<string>0</string>
			<key>isa</key>
			<string>XCConfigurationList</string>
		</dict>
		<key>94aa034a6d152afddc536ae6</key>
		<dict>
			<key>buildSettings</key>
			<dict>
				<key>ASSETCATALOG_COMPILER_APPICON_NAME</key>
				<string>AppIcon</string>
				<key>ASSETCATALOG_COMPILER_LAUNCHIMAGE_NAME</key>
				<string>LaunchImage</string>
				<key>FRAMEWORK_SEARCH_PATHS</key>
				<array>
					<string>$(inherited)</string>
					<string>"$(SRCROOT)"</string>
				</array>
				<key>GCC_PRECOMPILE_PREFIX_HEADER</key>
				<string>YES</string>
				<key>GCC_PREFIX_HEADER</key>
				<string>Pow Pow Me/Pow Pow Me-Prefix.pch</string>
				<key>INFOPLIST_FILE</key>
				<string>Pow Pow Me/Pow Pow Me-Info.plist</string>
				<key>OTHER_LDFLAGS</key>
				<array>
					<string>$(inherited)</string>
					<string>-force_load</string>
					<string>"$(SRCROOT)/calabash.framework/calabash"</string>
					<string>-lstdc++</string>
				</array>
				<key>PRODUCT_NAME</key>
				<string>$(TARGET_NAME)</string>
				<key>WRAPPER_EXTENSION</key>
				<string>app</string>
			</dict>
			<key>isa</key>
			<string>XCBuildConfiguration</string>
			<key>name</key>
			<string>Release</string>
		</dict>
		<key>987e20d3673776e80bbe00f7</key>
		<dict>
			<key>fileRef</key>
			<string>7BA3B91F190D792B000FD2E8</string>
			<key>isa</key>
			<string>PBXBuildFile</string>
		</dict>
		<key>b2cc79a65a0f21577061faa1</key>
		<dict>
			<key>buildActionMask</key>
			<string>2147483647</string>
			<key>files</key>
			<array>
				<string>27692177c01dbf4f721c1d7a</string>
				<string>f1d3f42184f4be6112b8cff2</string>
			</array>
			<key>isa</key>
			<string>PBXResourcesBuildPhase</string>
			<key>runOnlyForDeploymentPostprocessing</key>
			<string>0</string>
		</dict>
		<key>c1b99c76cbfb8c6466411f60</key>
		<dict>
			<key>explicitFileType</key>
			<string>wrapper.application</string>
			<key>includeInIndex</key>
			<string>0</string>
			<key>isa</key>
			<string>PBXFileReference</string>
			<key>path</key>
			<string>Pow Pow Me-cal.app</string>
			<key>sourceTree</key>
			<string>BUILT_PRODUCTS_DIR</string>
		</dict>
		<key>c1cf3cd42a6a95187eb9ed5d</key>
		<dict>
			<key>fileRef</key>
			<string>23c054adf385020ce3ce21dd</string>
			<key>isa</key>
			<string>PBXBuildFile</string>
		</dict>
		<key>ee766fb39d53c3b4dff7d444</key>
		<dict>
			<key>buildConfigurationList</key>
			<string>7c460084a3921e89fcb25e34</string>
			<key>buildPhases</key>
			<array>
				<string>0c8ed7d87559d47d3fe3c148</string>
				<string>07c2ae361553311cde723f9d</string>
				<string>b2cc79a65a0f21577061faa1</string>
			</array>
			<key>buildRules</key>
			<array/>
			<key>dependencies</key>
			<array/>
			<key>isa</key>
			<string>PBXNativeTarget</string>
			<key>name</key>
			<string>Pow Pow Me-cal</string>
			<key>productName</key>
			<string>Pow Pow Me-cal</string>
			<key>productReference</key>
			<string>c1b99c76cbfb8c6466411f60</string>
			<key>productType</key>
			<string>com.apple.product-type.application</string>
		</dict>
		<key>f1d3f42184f4be6112b8cff2</key>
		<dict>
			<key>fileRef</key>
			<string>7BA3B92F190D792B000FD2E8</string>
			<key>isa</key>
			<string>PBXBuildFile</string>
		</dict>
		<key>f591ba309a0a9b894170122c</key>
		<dict>
			<key>fileRef</key>
			<string>7BA3B921190D792B000FD2E8</string>
			<key>isa</key>
			<string>PBXBuildFile</string>
		</dict>
		<key>fb0491870ab06e1e042502b7</key>
		<dict>
			<key>fileRef</key>
			<string>7BA3B929190D792B000FD2E8</string>
			<key>isa</key>
			<string>PBXBuildFile</string>
		</dict>
	</dict>
	<key>rootObject</key>
	<string>7BA3B912190D792B000FD2E8</string>
</dict>
</plist>
